
Microsoft Visual Studio Solution File, Format Version 12.00
# Visual Studio Version 17
VisualStudioVersion = 17.7.34024.191
MinimumVisualStudioVersion = 10.0.40219.1
Project("{FAE04EC0-301F-11D3-BF4B-00C04F79EFBC}") = "MG_Admin_GUI", "MG_Admin_GUI.csproj", "{99D49451-8599-4FD3-998C-0DD5BE597880}"
EndProject
Global
	GlobalSection(SolutionConfigurationPlatforms) = preSolution
		Debug|Any CPU = Debug|Any CPU
		Release|Any CPU = Release|Any CPU
	EndGlobalSection
	GlobalSection(ProjectConfigurationPlatforms) = postSolution
		{99D49451-8599-4FD3-998C-0DD5BE597880}.Debug|Any CPU.ActiveCfg = Debug|Any CPU
		{99D49451-8599-4FD3-998C-0DD5BE597880}.Debug|Any CPU.Build.0 = Debug|Any CPU
		{99D49451-8599-4FD3-998C-0DD5BE597880}.Release|Any CPU.ActiveCfg = Release|Any CPU
		{99D49451-8599-4FD3-998C-0DD5BE597880}.Release|Any CPU.Build.0 = Release|Any CPU
	EndGlobalSection
	GlobalSection(SolutionProperties) = preSolution
		HideSolutionNode = FALSE
	EndGlobalSection
	GlobalSection(ExtensibilityGlobals) = postSolution
		SolutionGuid = {D4D0C184-6ECE-450D-B1A4-FAE05E1E7B0A}
	EndGlobalSection
EndGlobal
